
Microsoft Visual Studio Solution File, Format Version 12.00
# Visual Studio Version 16
VisualStudioVersion = 16.0.31112.23
MinimumVisualStudioVersion = 10.0.40219.1
Project("{FAE04EC0-301F-11D3-BF4B-00C04F79EFBC}") = "BezierEgrisi_5", "BezierEgrisi_5\BezierEgrisi_5.csproj", "{CD2725DE-A1F8-4B86-897E-0D0DAF9A0968}"
EndProject
Global
	GlobalSection(SolutionConfigurationPlatforms) = preSolution
		Debug|Any CPU = Debug|Any CPU
		Release|Any CPU = Release|Any CPU
	EndGlobalSection
	GlobalSection(ProjectConfigurationPlatforms) = postSolution
		{CD2725DE-A1F8-4B86-897E-0D0DAF9A0968}.Debug|Any CPU.ActiveCfg = Debug|Any CPU
		{CD2725DE-A1F8-4B86-897E-0D0DAF9A0968}.Debug|Any CPU.Build.0 = Debug|Any CPU
		{CD2725DE-A1F8-4B86-897E-0D0DAF9A0968}.Release|Any CPU.ActiveCfg = Release|Any CPU
		{CD2725DE-A1F8-4B86-897E-0D0DAF9A0968}.Release|Any CPU.Build.0 = Release|Any CPU
	EndGlobalSection
	GlobalSection(SolutionProperties) = preSolution
		HideSolutionNode = FALSE
	EndGlobalSection
	GlobalSection(ExtensibilityGlobals) = postSolution
		SolutionGuid = {5F5D8B67-9CDE-493E-B775-F01EF9760CD6}
	EndGlobalSection
EndGlobal
